
Microsoft Visual Studio Solution File, Format Version 12.00
# Visual Studio Version 17
VisualStudioVersion = 17.14.36408.4
MinimumVisualStudioVersion = 10.0.40219.1
Project("{FAE04EC0-301F-11D3-BF4B-00C04F79EFBC}") = "BeamMPTools", "BeamMPTools.csproj", "{3FA45CEE-F66A-46F0-859C-76475C968BCB}"
EndProject
Global
	GlobalSection(SolutionConfigurationPlatforms) = preSolution
		Debug|Any CPU = Debug|Any CPU
		Release|Any CPU = Release|Any CPU
	EndGlobalSection
	GlobalSection(ProjectConfigurationPlatforms) = postSolution
		{3FA45CEE-F66A-46F0-859C-76475C968BCB}.Debug|Any CPU.ActiveCfg = Debug|Any CPU
		{3FA45CEE-F66A-46F0-859C-76475C968BCB}.Debug|Any CPU.Build.0 = Debug|Any CPU
		{3FA45CEE-F66A-46F0-859C-76475C968BCB}.Release|Any CPU.ActiveCfg = Release|Any CPU
		{3FA45CEE-F66A-46F0-859C-76475C968BCB}.Release|Any CPU.Build.0 = Release|Any CPU
	EndGlobalSection
	GlobalSection(SolutionProperties) = preSolution
		HideSolutionNode = FALSE
	EndGlobalSection
	GlobalSection(ExtensibilityGlobals) = postSolution
		SolutionGuid = {B478095F-D280-4272-8C9B-4A036F2FAE21}
	EndGlobalSection
EndGlobal
